
Microsoft Visual Studio Solution File, Format Version 12.00
# Visual Studio Version 17
VisualStudioVersion = 17.5.002.0
MinimumVisualStudioVersion = 10.0.40219.1
Project("{9A19103F-16F7-4668-BE54-9A1E7A4F7556}") = "If-Else", "If-Else\If-Else.csproj", "{3F0B3846-192A-412F-9A76-B06BCDD53455}"
EndProject
Project("{9A19103F-16F7-4668-BE54-9A1E7A4F7556}") = "Palimdrome", "Palimdrome\Palimdrome.csproj", "{D8AB62FD-C32B-4834-ADC2-984FC79175FF}"
EndProject
Project("{9A19103F-16F7-4668-BE54-9A1E7A4F7556}") = "FirstApp", "FirstApp\FirstApp.csproj", "{4445FADA-57A0-441E-96BB-74363CF728B1}"
EndProject
Project("{9A19103F-16F7-4668-BE54-9A1E7A4F7556}") = "SubscriptionThingy", "SubscriptionThingy\SubscriptionThingy.csproj", "{78B4C46F-3E2F-40D1-B8B6-A47E2A40BD55}"
EndProject
Project("{9A19103F-16F7-4668-BE54-9A1E7A4F7556}") = "TestProject", "TestProject\TestProject.csproj", "{98B0C655-5454-4303-8BE3-16A7FFE66395}"
EndProject
Global
	GlobalSection(SolutionConfigurationPlatforms) = preSolution
		Debug|Any CPU = Debug|Any CPU
		Release|Any CPU = Release|Any CPU
	EndGlobalSection
	GlobalSection(ProjectConfigurationPlatforms) = postSolution
		{3F0B3846-192A-412F-9A76-B06BCDD53455}.Debug|Any CPU.ActiveCfg = Debug|Any CPU
		{3F0B3846-192A-412F-9A76-B06BCDD53455}.Debug|Any CPU.Build.0 = Debug|Any CPU
		{3F0B3846-192A-412F-9A76-B06BCDD53455}.Release|Any CPU.ActiveCfg = Release|Any CPU
		{3F0B3846-192A-412F-9A76-B06BCDD53455}.Release|Any CPU.Build.0 = Release|Any CPU
		{D8AB62FD-C32B-4834-ADC2-984FC79175FF}.Debug|Any CPU.ActiveCfg = Debug|Any CPU
		{D8AB62FD-C32B-4834-ADC2-984FC79175FF}.Debug|Any CPU.Build.0 = Debug|Any CPU
		{D8AB62FD-C32B-4834-ADC2-984FC79175FF}.Release|Any CPU.ActiveCfg = Release|Any CPU
		{D8AB62FD-C32B-4834-ADC2-984FC79175FF}.Release|Any CPU.Build.0 = Release|Any CPU
		{4445FADA-57A0-441E-96BB-74363CF728B1}.Debug|Any CPU.ActiveCfg = Debug|Any CPU
		{4445FADA-57A0-441E-96BB-74363CF728B1}.Debug|Any CPU.Build.0 = Debug|Any CPU
		{4445FADA-57A0-441E-96BB-74363CF728B1}.Release|Any CPU.ActiveCfg = Release|Any CPU
		{4445FADA-57A0-441E-96BB-74363CF728B1}.Release|Any CPU.Build.0 = Release|Any CPU
		{78B4C46F-3E2F-40D1-B8B6-A47E2A40BD55}.Debug|Any CPU.ActiveCfg = Debug|Any CPU
		{78B4C46F-3E2F-40D1-B8B6-A47E2A40BD55}.Debug|Any CPU.Build.0 = Debug|Any CPU
		{78B4C46F-3E2F-40D1-B8B6-A47E2A40BD55}.Release|Any CPU.ActiveCfg = Release|Any CPU
		{78B4C46F-3E2F-40D1-B8B6-A47E2A40BD55}.Release|Any CPU.Build.0 = Release|Any CPU
		{98B0C655-5454-4303-8BE3-16A7FFE66395}.Debug|Any CPU.ActiveCfg = Debug|Any CPU
		{98B0C655-5454-4303-8BE3-16A7FFE66395}.Debug|Any CPU.Build.0 = Debug|Any CPU
		{98B0C655-5454-4303-8BE3-16A7FFE66395}.Release|Any CPU.ActiveCfg = Release|Any CPU
		{98B0C655-5454-4303-8BE3-16A7FFE66395}.Release|Any CPU.Build.0 = Release|Any CPU
	EndGlobalSection
	GlobalSection(SolutionProperties) = preSolution
		HideSolutionNode = FALSE
	EndGlobalSection
	GlobalSection(ExtensibilityGlobals) = postSolution
		SolutionGuid = {AFB1A370-9D66-462B-BF33-1D9DA37445D1}
	EndGlobalSection
EndGlobal
