
Microsoft Visual Studio Solution File, Format Version 12.00
# Visual Studio Version 17
VisualStudioVersion = 17.5.002.0
MinimumVisualStudioVersion = 10.0.40219.1
Project("{9A19103F-16F7-4668-BE54-9A1E7A4F7556}") = "FirstApp", "FirstApp.csproj", "{D3ACBAAB-9BAD-42A2-816C-D90CE9433B26}"
EndProject
Global
	GlobalSection(SolutionConfigurationPlatforms) = preSolution
		Debug|Any CPU = Debug|Any CPU
		Release|Any CPU = Release|Any CPU
	EndGlobalSection
	GlobalSection(ProjectConfigurationPlatforms) = postSolution
		{D3ACBAAB-9BAD-42A2-816C-D90CE9433B26}.Debug|Any CPU.ActiveCfg = Debug|Any CPU
		{D3ACBAAB-9BAD-42A2-816C-D90CE9433B26}.Debug|Any CPU.Build.0 = Debug|Any CPU
		{D3ACBAAB-9BAD-42A2-816C-D90CE9433B26}.Release|Any CPU.ActiveCfg = Release|Any CPU
		{D3ACBAAB-9BAD-42A2-816C-D90CE9433B26}.Release|Any CPU.Build.0 = Release|Any CPU
	EndGlobalSection
	GlobalSection(SolutionProperties) = preSolution
		HideSolutionNode = FALSE
	EndGlobalSection
	GlobalSection(ExtensibilityGlobals) = postSolution
		SolutionGuid = {ECA8C6E8-71B1-4166-AAD3-3D4A0759FE36}
	EndGlobalSection
EndGlobal
